
Microsoft Visual Studio Solution File, Format Version 12.00
# Visual Studio Version 16
VisualStudioVersion = 16.0.30717.126
MinimumVisualStudioVersion = 10.0.40219.1
Project("{FAE04EC0-301F-11D3-BF4B-00C04F79EFBC}") = "WordGames", "WordGames\WordGames.csproj", "{D83E3BD5-B086-4432-BE0B-7BE529C198BF}"
EndProject
Global
	GlobalSection(SolutionConfigurationPlatforms) = preSolution
		Debug|Any CPU = Debug|Any CPU
		Release|Any CPU = Release|Any CPU
	EndGlobalSection
	GlobalSection(ProjectConfigurationPlatforms) = postSolution
		{D83E3BD5-B086-4432-BE0B-7BE529C198BF}.Debug|Any CPU.ActiveCfg = Debug|Any CPU
		{D83E3BD5-B086-4432-BE0B-7BE529C198BF}.Debug|Any CPU.Build.0 = Debug|Any CPU
		{D83E3BD5-B086-4432-BE0B-7BE529C198BF}.Release|Any CPU.ActiveCfg = Release|Any CPU
		{D83E3BD5-B086-4432-BE0B-7BE529C198BF}.Release|Any CPU.Build.0 = Release|Any CPU
	EndGlobalSection
	GlobalSection(SolutionProperties) = preSolution
		HideSolutionNode = FALSE
	EndGlobalSection
	GlobalSection(ExtensibilityGlobals) = postSolution
		SolutionGuid = {C6200062-0A29-4A2B-9DB6-2278BA0439D3}
	EndGlobalSection
EndGlobal
